Microsoft Visual Studio Solution File, Format Version 12.00
Project("{FAE04EC0-301F-11D3-BF4B-00C04F79EFBC}") = "API", "API\API.csproj", "{F1796F7C-956E-4105-83D4-8080FC707A67}"
EndProject
Project("{FAE04EC0-301F-11D3-BF4B-00C04F79EFBC}") = "DAL", "DAL\DAL.csproj", "{9FB7A796-7A2C-44C7-A1A0-8EC35B37A4AB}"
EndProject
Project("{FAE04EC0-301F-11D3-BF4B-00C04F79EFBC}") = "BLL", "BLL\BLL.csproj", "{C006293B-509C-459E-92FC-E04A2952E862}"
EndProject
Project("{FAE04EC0-301F-11D3-BF4B-00C04F79EFBC}") = "Core", "Core\Core.csproj", "{48933F17-E07A-4166-896C-99E80E93E7D8}"
EndProject
Global
	GlobalSection(SolutionConfigurationPlatforms) = preSolution
		Debug|Any CPU = Debug|Any CPU
		Release|Any CPU = Release|Any CPU
	EndGlobalSection
	GlobalSection(ProjectConfigurationPlatforms) = postSolution
		{F1796F7C-956E-4105-83D4-8080FC707A67}.Debug|Any CPU.ActiveCfg = Debug|Any CPU
		{F1796F7C-956E-4105-83D4-8080FC707A67}.Debug|Any CPU.Build.0 = Debug|Any CPU
		{F1796F7C-956E-4105-83D4-8080FC707A67}.Release|Any CPU.ActiveCfg = Release|Any CPU
		{F1796F7C-956E-4105-83D4-8080FC707A67}.Release|Any CPU.Build.0 = Release|Any CPU
		{9FB7A796-7A2C-44C7-A1A0-8EC35B37A4AB}.Debug|Any CPU.ActiveCfg = Debug|Any CPU
		{9FB7A796-7A2C-44C7-A1A0-8EC35B37A4AB}.Debug|Any CPU.Build.0 = Debug|Any CPU
		{9FB7A796-7A2C-44C7-A1A0-8EC35B37A4AB}.Release|Any CPU.ActiveCfg = Release|Any CPU
		{9FB7A796-7A2C-44C7-A1A0-8EC35B37A4AB}.Release|Any CPU.Build.0 = Release|Any CPU
		{C006293B-509C-459E-92FC-E04A2952E862}.Debug|Any CPU.ActiveCfg = Debug|Any CPU
		{C006293B-509C-459E-92FC-E04A2952E862}.Debug|Any CPU.Build.0 = Debug|Any CPU
		{C006293B-509C-459E-92FC-E04A2952E862}.Release|Any CPU.ActiveCfg = Release|Any CPU
		{C006293B-509C-459E-92FC-E04A2952E862}.Release|Any CPU.Build.0 = Release|Any CPU
		{48933F17-E07A-4166-896C-99E80E93E7D8}.Debug|Any CPU.ActiveCfg = Debug|Any CPU
		{48933F17-E07A-4166-896C-99E80E93E7D8}.Debug|Any CPU.Build.0 = Debug|Any CPU
		{48933F17-E07A-4166-896C-99E80E93E7D8}.Release|Any CPU.ActiveCfg = Release|Any CPU
		{48933F17-E07A-4166-896C-99E80E93E7D8}.Release|Any CPU.Build.0 = Release|Any CPU
	EndGlobalSection
EndGlobal
